Microsoft Visual Studio Solution File, Format Version 12.00
# Visual Studio Version 17
VisualStudioVersion = 17.0.31903.59
MinimumVisualStudioVersion = 10.0.40219.1
Project("{FAE04EC0-301F-11D3-BF4B-00C04F79EFBC}") = "ApiGateway", "ApiGateway\ApiGateway.csproj", "{716AAA9D-03AA-4243-831F-FD8D81208B1B}"
EndProject
Project("{2150E333-8FDC-42A3-9474-1A3956D46DE8}") = "ExitslipService", "ExitslipService", "{02EA681E-C7D8-13C7-8484-4AC65E1B71E8}"
EndProject
Project("{FAE04EC0-301F-11D3-BF4B-00C04F79EFBC}") = "ExitslipService.Api", "ExitslipService\ExitslipService.Api\ExitslipService.Api.csproj", "{2B17648B-D8FB-2054-1AE4-D78262FEC245}"
EndProject
Project("{FAE04EC0-301F-11D3-BF4B-00C04F79EFBC}") = "ExitslipService.Application", "ExitslipService\ExitslipService.Application\ExitslipService.Application.csproj", "{49BB699F-098F-52A6-0C4C-A025097D2579}"
EndProject
Project("{FAE04EC0-301F-11D3-BF4B-00C04F79EFBC}") = "ExitslipService.DatabaseMigration", "ExitslipService\ExitslipService.DatabaseMigration\ExitslipService.DatabaseMigration.csproj", "{85773022-7B1F-6578-12D3-2EDCA7CFA028}"
EndProject
Project("{FAE04EC0-301F-11D3-BF4B-00C04F79EFBC}") = "ExitslipService.Domain", "ExitslipService\ExitslipService.Domain\ExitslipService.Domain.csproj", "{21666D6E-0E21-4AA8-80CD-A2F529B88622}"
EndProject
Project("{FAE04EC0-301F-11D3-BF4B-00C04F79EFBC}") = "ExitslipService.Domain.Test", "ExitslipService\ExitslipService.Domain.Test\ExitslipService.Domain.Test.csproj", "{2047CADD-6A48-D07A-1E72-B4F2C433AF00}"
EndProject
Project("{FAE04EC0-301F-11D3-BF4B-00C04F79EFBC}") = "ExitslipService.Infrastructure", "ExitslipService\ExitslipService.Infrastructure\ExitslipService.Infrastructure.csproj", "{39E11618-453F-5D51-F7D0-3AC95604014E}"
EndProject
Project("{2150E333-8FDC-42A3-9474-1A3956D46DE8}") = "FeedbackService", "FeedbackService", "{8CE5375B-D326-4CA1-8093-4452CA56F115}"
EndProject
Project("{FAE04EC0-301F-11D3-BF4B-00C04F79EFBC}") = "FeedbackService.Api", "FeedbackService\FeedbackService.Api\FeedbackService.Api.csproj", "{A1B2C3D4-E5F6-7890-1234-56789ABCDEF0}"
EndProject
Project("{FAE04EC0-301F-11D3-BF4B-00C04F79EFBC}") = "FeedbackService.Application", "FeedbackService\FeedbackService.Application\FeedbackService.Application.csproj", "{B1C2D3E4-F5A6-7890-1234-56789ABCDEF1}"
EndProject
Project("{FAE04EC0-301F-11D3-BF4B-00C04F79EFBC}") = "FeedbackService.DatabaseMigration", "FeedbackService\FeedbackService.DatabaseMigration\FeedbackService.DatabaseMigration.csproj", "{C1D2E3F4-A5B6-7890-1234-56789ABCDEF2}"
EndProject
Project("{FAE04EC0-301F-11D3-BF4B-00C04F79EFBC}") = "FeedbackService.Domain", "FeedbackService\FeedbackService.Domain\FeedbackService.Domain.csproj", "{D1E2F3A4-B5C6-7890-1234-56789ABCDEF3}"
EndProject
Project("{FAE04EC0-301F-11D3-BF4B-00C04F79EFBC}") = "FeedbackService.Domain.Test", "FeedbackService\FeedbackService.Domain.Test\FeedbackService.Domain.Test.csproj", "{E1F2A3B4-C5D6-7890-1234-56789ABCDEF4}"
EndProject
Project("{FAE04EC0-301F-11D3-BF4B-00C04F79EFBC}") = "FeedbackService.Infrastructure", "FeedbackService\FeedbackService.Infrastructure\FeedbackService.Infrastructure.csproj", "{F1A2B3C4-D5E6-7890-1234-56789ABCDEF5}"
EndProject
Global
	GlobalSection(SolutionConfigurationPlatforms) = preSolution
		Debug|Any CPU = Debug|Any CPU
		Release|Any CPU = Release|Any CPU
	EndGlobalSection
	GlobalSection(ProjectConfigurationPlatforms) = postSolution
		{716AAA9D-03AA-4243-831F-FD8D81208B1B}.Debug|Any CPU.ActiveCfg = Debug|Any CPU
		{716AAA9D-03AA-4243-831F-FD8D81208B1B}.Debug|Any CPU.Build.0 = Debug|Any CPU
		{716AAA9D-03AA-4243-831F-FD8D81208B1B}.Release|Any CPU.ActiveCfg = Release|Any CPU
		{716AAA9D-03AA-4243-831F-FD8D81208B1B}.Release|Any CPU.Build.0 = Release|Any CPU
		{2B17648B-D8FB-2054-1AE4-D78262FEC245}.Debug|Any CPU.ActiveCfg = Debug|Any CPU
		{2B17648B-D8FB-2054-1AE4-D78262FEC245}.Debug|Any CPU.Build.0 = Debug|Any CPU
		{2B17648B-D8FB-2054-1AE4-D78262FEC245}.Release|Any CPU.ActiveCfg = Release|Any CPU
		{2B17648B-D8FB-2054-1AE4-D78262FEC245}.Release|Any CPU.Build.0 = Release|Any CPU
		{49BB699F-098F-52A6-0C4C-A025097D2579}.Debug|Any CPU.ActiveCfg = Debug|Any CPU
		{49BB699F-098F-52A6-0C4C-A025097D2579}.Debug|Any CPU.Build.0 = Debug|Any CPU
		{49BB699F-098F-52A6-0C4C-A025097D2579}.Release|Any CPU.ActiveCfg = Release|Any CPU
		{49BB699F-098F-52A6-0C4C-A025097D2579}.Release|Any CPU.Build.0 = Release|Any CPU
		{85773022-7B1F-6578-12D3-2EDCA7CFA028}.Debug|Any CPU.ActiveCfg = Debug|Any CPU
		{85773022-7B1F-6578-12D3-2EDCA7CFA028}.Debug|Any CPU.Build.0 = Debug|Any CPU
		{85773022-7B1F-6578-12D3-2EDCA7CFA028}.Release|Any CPU.ActiveCfg = Release|Any CPU
		{85773022-7B1F-6578-12D3-2EDCA7CFA028}.Release|Any CPU.Build.0 = Release|Any CPU
		{21666D6E-0E21-4AA8-80CD-A2F529B88622}.Debug|Any CPU.ActiveCfg = Debug|Any CPU
		{21666D6E-0E21-4AA8-80CD-A2F529B88622}.Debug|Any CPU.Build.0 = Debug|Any CPU
		{21666D6E-0E21-4AA8-80CD-A2F529B88622}.Release|Any CPU.ActiveCfg = Release|Any CPU
		{21666D6E-0E21-4AA8-80CD-A2F529B88622}.Release|Any CPU.Build.0 = Release|Any CPU
		{2047CADD-6A48-D07A-1E72-B4F2C433AF00}.Debug|Any CPU.ActiveCfg = Debug|Any CPU
		{2047CADD-6A48-D07A-1E72-B4F2C433AF00}.Debug|Any CPU.Build.0 = Debug|Any CPU
		{2047CADD-6A48-D07A-1E72-B4F2C433AF00}.Release|Any CPU.ActiveCfg = Release|Any CPU
		{2047CADD-6A48-D07A-1E72-B4F2C433AF00}.Release|Any CPU.Build.0 = Release|Any CPU
		{39E11618-453F-5D51-F7D0-3AC95604014E}.Debug|Any CPU.ActiveCfg = Debug|Any CPU
		{39E11618-453F-5D51-F7D0-3AC95604014E}.Debug|Any CPU.Build.0 = Debug|Any CPU
		{39E11618-453F-5D51-F7D0-3AC95604014E}.Release|Any CPU.ActiveCfg = Release|Any CPU
		{39E11618-453F-5D51-F7D0-3AC95604014E}.Release|Any CPU.Build.0 = Release|Any CPU
		{A1B2C3D4-E5F6-7890-1234-56789ABCDEF0}.Debug|Any CPU.ActiveCfg = Debug|Any CPU
		{A1B2C3D4-E5F6-7890-1234-56789ABCDEF0}.Debug|Any CPU.Build.0 = Debug|Any CPU
		{A1B2C3D4-E5F6-7890-1234-56789ABCDEF0}.Release|Any CPU.ActiveCfg = Release|Any CPU
		{A1B2C3D4-E5F6-7890-1234-56789ABCDEF0}.Release|Any CPU.Build.0 = Release|Any CPU
		{B1C2D3E4-F5A6-7890-1234-56789ABCDEF1}.Debug|Any CPU.ActiveCfg = Debug|Any CPU
		{B1C2D3E4-F5A6-7890-1234-56789ABCDEF1}.Debug|Any CPU.Build.0 = Debug|Any CPU
		{B1C2D3E4-F5A6-7890-1234-56789ABCDEF1}.Release|Any CPU.ActiveCfg = Release|Any CPU
		{B1C2D3E4-F5A6-7890-1234-56789ABCDEF1}.Release|Any CPU.Build.0 = Release|Any CPU
		{C1D2E3F4-A5B6-7890-1234-56789ABCDEF2}.Debug|Any CPU.ActiveCfg = Debug|Any CPU
		{C1D2E3F4-A5B6-7890-1234-56789ABCDEF2}.Debug|Any CPU.Build.0 = Debug|Any CPU
		{C1D2E3F4-A5B6-7890-1234-56789ABCDEF2}.Release|Any CPU.ActiveCfg = Release|Any CPU
		{C1D2E3F4-A5B6-7890-1234-56789ABCDEF2}.Release|Any CPU.Build.0 = Release|Any CPU
		{D1E2F3A4-B5C6-7890-1234-56789ABCDEF3}.Debug|Any CPU.ActiveCfg = Debug|Any CPU
		{D1E2F3A4-B5C6-7890-1234-56789ABCDEF3}.Debug|Any CPU.Build.0 = Debug|Any CPU
		{D1E2F3A4-B5C6-7890-1234-56789ABCDEF3}.Release|Any CPU.ActiveCfg = Release|Any CPU
		{D1E2F3A4-B5C6-7890-1234-56789ABCDEF3}.Release|Any CPU.Build.0 = Release|Any CPU
		{E1F2A3B4-C5D6-7890-1234-56789ABCDEF4}.Debug|Any CPU.ActiveCfg = Debug|Any CPU
		{E1F2A3B4-C5D6-7890-1234-56789ABCDEF4}.Debug|Any CPU.Build.0 = Debug|Any CPU
		{E1F2A3B4-C5D6-7890-1234-56789ABCDEF4}.Release|Any CPU.ActiveCfg = Release|Any CPU
		{E1F2A3B4-C5D6-7890-1234-56789ABCDEF4}.Release|Any CPU.Build.0 = Release|Any CPU
		{F1A2B3C4-D5E6-7890-1234-56789ABCDEF5}.Debug|Any CPU.ActiveCfg = Debug|Any CPU
		{F1A2B3C4-D5E6-7890-1234-56789ABCDEF5}.Debug|Any CPU.Build.0 = Debug|Any CPU
		{F1A2B3C4-D5E6-7890-1234-56789ABCDEF5}.Release|Any CPU.ActiveCfg = Release|Any CPU
		{F1A2B3C4-D5E6-7890-1234-56789ABCDEF5}.Release|Any CPU.Build.0 = Release|Any CPU
	EndGlobalSection
	GlobalSection(SolutionProperties) = preSolution
		HideSolutionNode = FALSE
	EndGlobalSection
	GlobalSection(NestedProjects) = preSolution
		{2B17648B-D8FB-2054-1AE4-D78262FEC245} = {02EA681E-C7D8-13C7-8484-4AC65E1B71E8}
		{49BB699F-098F-52A6-0C4C-A025097D2579} = {02EA681E-C7D8-13C7-8484-4AC65E1B71E8}
		{85773022-7B1F-6578-12D3-2EDCA7CFA028} = {02EA681E-C7D8-13C7-8484-4AC65E1B71E8}
		{21666D6E-0E21-4AA8-80CD-A2F529B88622} = {02EA681E-C7D8-13C7-8484-4AC65E1B71E8}
		{2047CADD-6A48-D07A-1E72-B4F2C433AF00} = {02EA681E-C7D8-13C7-8484-4AC65E1B71E8}
		{39E11618-453F-5D51-F7D0-3AC95604014E} = {02EA681E-C7D8-13C7-8484-4AC65E1B71E8}
		{A1B2C3D4-E5F6-7890-1234-56789ABCDEF0} = {8CE5375B-D326-4CA1-8093-4452CA56F115}
		{B1C2D3E4-F5A6-7890-1234-56789ABCDEF1} = {8CE5375B-D326-4CA1-8093-4452CA56F115}
		{C1D2E3F4-A5B6-7890-1234-56789ABCDEF2} = {8CE5375B-D326-4CA1-8093-4452CA56F115}
		{D1E2F3A4-B5C6-7890-1234-56789ABCDEF3} = {8CE5375B-D326-4CA1-8093-4452CA56F115}
		{E1F2A3B4-C5D6-7890-1234-56789ABCDEF4} = {8CE5375B-D326-4CA1-8093-4452CA56F115}
		{F1A2B3C4-D5E6-7890-1234-56789ABCDEF5} = {8CE5375B-D326-4CA1-8093-4452CA56F115}
	EndGlobalSection
	GlobalSection(ExtensibilityGlobals) = postSolution
		SolutionGuid = {5B53A84E-A691-48A