
Microsoft Visual Studio Solution File, Format Version 12.00
# Visual Studio Version 17
VisualStudioVersion = 17.0.31903.59
MinimumVisualStudioVersion = 10.0.40219.1
Project("{FAE04EC0-301F-11D3-BF4B-00C04F79EFBC}") = "ApiGateway", "ApiGateway\ApiGateway.csproj", "{716AAA9D-03AA-4243-831F-FD8D81208B1B}"
EndProject
Project("{2150E333-8FDC-42A3-9474-1A3956D46DE8}") = "FeedbackService", "FeedbackService", "{02EA681E-C7D8-13C7-8484-4AC65E1B71E8}"
EndProject
Project("{2150E333-8FDC-42A3-9474-1A3956D46DE8}") = "ExitslipService", "ExitslipService", "{E1D021FA-2E52-4CB4-9C52-6AA3038AC264}"
EndProject
Project("{FAE04EC0-301F-11D3-BF4B-00C04F79EFBC}") = "FeedbackService.Api", "FeedbackService\FeedbackService.Api\FeedbackService.Api.csproj", "{7891AC64-53D0-2FBA-4AE4-EF912B17AA53}"
EndProject
Project("{FAE04EC0-301F-11D3-BF4B-00C04F79EFBC}") = "FeedbackService.Application", "FeedbackService\FeedbackService.Application\FeedbackService.Application.csproj", "{6B223A36-D987-31D0-41B8-976807CE72A7}"
EndProject
Project("{FAE04EC0-301F-11D3-BF4B-00C04F79EFBC}") = "FeedbackService.DatabaseMigration", "FeedbackService\FeedbackService.DatabaseMigration\FeedbackService.DatabaseMigration.csproj", "{DC9E71C3-144F-517E-F589-F5E008095D10}"
EndProject
Project("{FAE04EC0-301F-11D3-BF4B-00C04F79EFBC}") = "FeedbackService.Domain", "FeedbackService\FeedbackService.Domain\FeedbackService.Domain.csproj", "{D7397DFB-A2EE-6CE5-3023-3DAB7C59BB0D}"
EndProject
Project("{FAE04EC0-301F-11D3-BF4B-00C04F79EFBC}") = "FeedbackService.Domain.Test", "FeedbackService\FeedbackService.Domain.Test\FeedbackService.Domain.Test.csproj", "{A6B16276-B840-3237-8594-FFFC2AA3095D}"
EndProject
Project("{FAE04EC0-301F-11D3-BF4B-00C04F79EFBC}") = "FeedbackService.Infrastructure", "FeedbackService\FeedbackService.Infrastructure\FeedbackService.Infrastructure.csproj", "{7E3E142E-F891-A9F0-9F5C-D03AE390564E}"
EndProject
Project("{FAE04EC0-301F-11D3-BF4B-00C04F79EFBC}") = "ExitslipService.Api", "ExitslipService\ExitslipService.Api\ExitslipService.Api.csproj", "{2B17648B-D8FB-2054-1AE4-D78262FEC245}"
EndProject
Project("{FAE04EC0-301F-11D3-BF4B-00C04F79EFBC}") = "ExitslipService.Application", "ExitslipService\ExitslipService.Application\ExitslipService.Application.csproj", "{49BB699F-098F-52A6-0C4C-A025097D2579}"
EndProject
Project("{FAE04EC0-301F-11D3-BF4B-00C04F79EFBC}") = "ExitslipService.DatabaseMigration", "ExitslipService\ExitslipService.DatabaseMigration\ExitslipService.DatabaseMigration.csproj", "{85773022-7B1F-6578-12D3-2EDCA7CFA028}"
EndProject
Project("{FAE04EC0-301F-11D3-BF4B-00C04F79EFBC}") = "ExitslipService.Domain", "ExitslipService\ExitslipService.Domain\ExitslipService.Domain.csproj", "{21666D6E-0E21-4AA8-80CD-A2F529B88622}"
EndProject
Project("{FAE04EC0-301F-11D3-BF4B-00C04F79EFBC}") = "ExitslipService.Domain.Test", "ExitslipService\ExitslipService.Domain.Test\ExitslipService.Domain.Test.csproj", "{2047CADD-6A48-D07A-1E72-B4F2C433AF00}"
EndProject
Project("{FAE04EC0-301F-11D3-BF4B-00C04F79EFBC}") = "ExitslipService.Infrastructure", "ExitslipService\ExitslipService.Infrastructure\ExitslipService.Infrastructure.csproj", "{39E11618-453F-5D51-F7D0-3AC95604014E}"
EndProject
Project("{2150E333-8FDC-42A3-9474-1A3956D46DE8}") = "DummyDb", "DummyDb", "{78005EC2-3B02-4E30-87D6-70EF918AA2EC}"
	ProjectSection(SolutionItems) = preProject
		DummyDataSQLQuery.txt = DummyDataSQLQuery.txt
	EndProjectSection
EndProject
Project("{FAE04EC0-301F-11D3-BF4B-00C04F79EFBC}") = "DummyDb.Api", "DummyDb\DummyDb.Api\DummyDb.Api.csproj", "{529E9E00-9254-3378-C640-72598B4B58BB}"
EndProject
Project("{FAE04EC0-301F-11D3-BF4B-00C04F79EFBC}") = "DummyDb.Application", "DummyDb\DummyDb.Application\DummyDb.Application.csproj", "{A64F2A1D-6934-9A21-4A09-9DE2283DADCA}"
EndProject
Project("{FAE04EC0-301F-11D3-BF4B-00C04F79EFBC}") = "DummyDb.DatabaseMigration", "DummyDb\DummyDb.DatabaseMigration\DummyDb.DatabaseMigration.csproj", "{B189403D-3B84-4A71-C408-B42059972220}"
EndProject
Project("{FAE04EC0-301F-11D3-BF4B-00C04F79EFBC}") = "DummyDb.Domain", "DummyDb\DummyDb.Domain\DummyDb.Domain.csproj", "{7D1ACBC0-CF1E-C968-1764-232A87752EAC}"
EndProject
Project("{FAE04EC0-301F-11D3-BF4B-00C04F79EFBC}") = "DummyDb.Domain.Test", "DummyDb\DummyDb.Domain.Test\DummyDb.Domain.Test.csproj", "{526E011F-0C88-208A-2613-0D787D02C34F}"
EndProject
Project("{FAE04EC0-301F-11D3-BF4B-00C04F79EFBC}") = "DummyDb.Infrastructure", "DummyDb\DummyDb.Infrastructure\DummyDb.Infrastructure.csproj", "{8D0E53C8-2148-FD58-D4DB-5F2787714243}"
EndProject
Project("{E53339B2-1760-4266-BCC7-CA923CBCF16C}") = "docker-compose", "docker-compose.dcproj", "{81DDED9D-158B-E303-5F62-77A2896D2A5A}"
EndProject
Global
	GlobalSection(SolutionConfigurationPlatforms) = preSolution
		Debug|Any CPU = Debug|Any CPU
		Release|Any CPU = Release|Any CPU
	EndGlobalSection
	GlobalSection(ProjectConfigurationPlatforms) = postSolution
		{716AAA9D-03AA-4243-831F-FD8D81208B1B}.Debug|Any CPU.ActiveCfg = Debug|Any CPU
		{716AAA9D-03AA-4243-831F-FD8D81208B1B}.Debug|Any CPU.Build.0 = Debug|Any CPU
		{716AAA9D-03AA-4243-831F-FD8D81208B1B}.Release|Any CPU.ActiveCfg = Release|Any CPU
		{716AAA9D-03AA-4243-831F-FD8D81208B1B}.Release|Any CPU.Build.0 = Release|Any CPU
		{7891AC64-53D0-2FBA-4AE4-EF912B17AA53}.Debug|Any CPU.ActiveCfg = Debug|Any CPU
		{7891AC64-53D0-2FBA-4AE4-EF912B17AA53}.Debug|Any CPU.Build.0 = Debug|Any CPU
		{7891AC64-53D0-2FBA-4AE4-EF912B17AA53}.Release|Any CPU.ActiveCfg = Release|Any CPU
		{7891AC64-53D0-2FBA-4AE4-EF912B17AA53}.Release|Any CPU.Build.0 = Release|Any CPU
		{6B223A36-D987-31D0-41B8-976807CE72A7}.Debug|Any CPU.ActiveCfg = Debug|Any CPU
		{6B223A36-D987-31D0-41B8-976807CE72A7}.Debug|Any CPU.Build.0 = Debug|Any CPU
		{6B223A36-D987-31D0-41B8-976807CE72A7}.Release|Any CPU.ActiveCfg = Release|Any CPU
		{6B223A36-D987-31D0-41B8-976807CE72A7}.Release|Any CPU.Build.0 = Release|Any CPU
		{DC9E71C3-144F-517E-F589-F5E008095D10}.Debug|Any CPU.ActiveCfg = Debug|Any CPU
		{DC9E71C3-144F-517E-F589-F5E008095D10}.Debug|Any CPU.Build.0 = Debug|Any CPU
		{DC9E71C3-144F-517E-F589-F5E008095D10}.Release|Any CPU.ActiveCfg = Release|Any CPU
		{DC9E71C3-144F-517E-F589-F5E008095D10}.Release|Any CPU.Build.0 = Release|Any CPU
		{D7397DFB-A2EE-6CE5-3023-3DAB7C59BB0D}.Debug|Any CPU.ActiveCfg = Debug|Any CPU
		{D7397DFB-A2EE-6CE5-3023-3DAB7C59BB0D}.Debug|Any CPU.Build.0 = Debug|Any CPU
		{D7397DFB-A2EE-6CE5-3023-3DAB7C59BB0D}.Release|Any CPU.ActiveCfg = Release|Any CPU
		{D7397DFB-A2EE-6CE5-3023-3DAB7C59BB0D}.Release|Any CPU.Build.0 = Release|Any CPU
		{A6B16276-B840-3237-8594-FFFC2AA3095D}.Debug|Any CPU.ActiveCfg = Debug|Any CPU
		{A6B16276-B840-3237-8594-FFFC2AA3095D}.Debug|Any CPU.Build.0 = Debug|Any CPU
		{A6B16276-B840-3237-8594-FFFC2AA3095D}.Release|Any CPU.ActiveCfg = Release|Any CPU
		{A6B16276-B840-3237-8594-FFFC2AA3095D}.Release|Any CPU.Build.0 = Release|Any CPU
		{7E3E142E-F891-A9F0-9F5C-D03AE390564E}.Debug|Any CPU.ActiveCfg = Debug|Any CPU
		{7E3E142E-F891-A9F0-9F5C-D03AE390564E}.Debug|Any CPU.Build.0 = Debug|Any CPU
		{7E3E142E-F891-A9F0-9F5C-D03AE390564E}.Release|Any CPU.ActiveCfg = Release|Any CPU
		{7E3E142E-F891-A9F0-9F5C-D03AE390564E}.Release|Any CPU.Build.0 = Release|Any CPU
		{2B17648B-D8FB-2054-1AE4-D78262FEC245}.Debug|Any CPU.ActiveCfg = Debug|Any CPU
		{2B17648B-D8FB-2054-1AE4-D78262FEC245}.Debug|Any CPU.Build.0 = Debug|Any CPU
		{2B17648B-D8FB-2054-1AE4-D78262FEC245}.Release|Any CPU.ActiveCfg = Release|Any CPU
		{2B17648B-D8FB-2054-1AE4-D78262FEC245}.Release|Any CPU.Build.0 = Release|Any CPU
		{49BB699F-098F-52A6-0C4C-A025097D2579}.Debug|Any CPU.ActiveCfg = Debug|Any CPU
		{49BB699F-098F-52A6-0C4C-A025097D2579}.Debug|Any CPU.Build.0 = Debug|Any CPU
		{49BB699F-098F-52A6-0C4C-A025097D2579}.Release|Any CPU.ActiveCfg = Release|Any CPU
		{49BB699F-098F-52A6-0C4C-A025097D2579}.Release|Any CPU.Build.0 = Release|Any CPU
		{85773022-7B1F-6578-12D3-2EDCA7CFA028}.Debug|Any CPU.ActiveCfg = Debug|Any CPU
		{85773022-7B1F-6578-12D3-2EDCA7CFA028}.Debug|Any CPU.Build.0 = Debug|Any CPU
		{85773022-7B1F-6578-12D3-2EDCA7CFA028}.Release|Any CPU.ActiveCfg = Release|Any CPU
		{85773022-7B1F-6578-12D3-2EDCA7CFA028}.Release|Any CPU.Build.0 = Release|Any CPU
		{21666D6E-0E21-4AA8-80CD-A2F529B88622}.Debug|Any CPU.ActiveCfg = Debug|Any CPU
		{21666D6E-0E21-4AA8-80CD-A2F529B88622}.Debug|Any CPU.Build.0 = Debug|Any CPU
		{21666D6E-0E21-4AA8-80CD-A2F529B88622}.Release|Any CPU.ActiveCfg = Release|Any CPU
		{21666D6E-0E21-4AA8-80CD-A2F529B88622}.Release|Any CPU.Build.0 = Release|Any CPU
		{2047CADD-6A48-D07A-1E72-B4F2C433AF00}.Debug|Any CPU.ActiveCfg = Debug|Any CPU
		{2047CADD-6A48-D07A-1E72-B4F2C433AF00}.Debug|Any CPU.Build.0 = Debug|Any CPU
		{2047CADD-6A48-D07A-1E72-B4F2C433AF00}.Release|Any CPU.ActiveCfg = Release|Any CPU
		{2047CADD-6A48-D07A-1E72-B4F2C433AF00}.Release|Any CPU.Build.0 = Release|Any CPU
		{39E11618-453F-5D51-F7D0-3AC95604014E}.Debug|Any CPU.ActiveCfg = Debug|Any CPU
		{39E11618-453F-5D51-F7D0-3AC95604014E}.Debug|Any CPU.Build.0 = Debug|Any CPU
		{39E11618-453F-5D51-F7D0-3AC95604014E}.Release|Any CPU.ActiveCfg = Release|Any CPU
		{39E11618-453F-5D51-F7D0-3AC95604014E}.Release|Any CPU.Build.0 = Release|Any CPU
		{529E9E00-9254-3378-C640-72598B4B58BB}.Debug|Any CPU.ActiveCfg = Debug|Any CPU
		{529E9E00-9254-3378-C640-72598B4B58BB}.Debug|Any CPU.Build.0 = Debug|Any CPU
		{529E9E00-9254-3378-C640-72598B4B58BB}.Release|Any CPU.ActiveCfg = Release|Any CPU
		{529E9E00-9254-3378-C640-72598B4B58BB}.Release|Any CPU.Build.0 = Release|Any CPU
		{A64F2A1D-6934-9A21-4A09-9DE2283DADCA}.Debug|Any CPU.ActiveCfg = Debug|Any CPU
		{A64F2A1D-6934-9A21-4A09-9DE2283DADCA}.Debug|Any CPU.Build.0 = Debug|Any CPU
		{A64F2A1D-6934-9A21-4A09-9DE2283DADCA}.Release|Any CPU.ActiveCfg = Release|Any CPU
		{A64F2A1D-6934-9A21-4A09-9DE2283DADCA}.Release|Any CPU.Build.0 = Release|Any CPU
		{B189403D-3B84-4A71-C408-B42059972220}.Debug|Any CPU.ActiveCfg = Debug|Any CPU
		{B189403D-3B84-4A71-C408-B42059972220}.Debug|Any CPU.Build.0 = Debug|Any CPU
		{B189403D-3B84-4A71-C408-B42059972220}.Release|Any CPU.ActiveCfg = Release|Any CPU
		{B189403D-3B84-4A71-C408-B42059972220}.Release|Any CPU.Build.0 = Release|Any CPU
		{7D1ACBC0-CF1E-C968-1764-232A87752EAC}.Debug|Any CPU.ActiveCfg = Debug|Any CPU
		{7D1ACBC0-CF1E-C968-1764-232A87752EAC}.Debug|Any CPU.Build.0 = Debug|Any CPU
		{7D1ACBC0-CF1E-C968-1764-232A87752EAC}.Release|Any CPU.ActiveCfg = Release|Any CPU
		{7D1ACBC0-CF1E-C968-1764-232A87752EAC}.Release|Any CPU.Build.0 = Release|Any CPU
		{526E011F-0C88-208A-2613-0D787D02C34F}.Debug|Any CPU.ActiveCfg = Debug|Any CPU
		{526E011F-0C88-208A-2613-0D787D02C34F}.Debug|Any CPU.Build.0 = Debug|Any CPU
		{526E011F-0C88-208A-2613-0D787D02C34F}.Release|Any CPU.ActiveCfg = Release|Any CPU
		{526E011F-0C88-208A-2613-0D787D02C34F}.Release|Any CPU.Build.0 = Release|Any CPU
		{8D0E53C8-2148-FD58-D4DB-5F2787714243}.Debug|Any CPU.ActiveCfg = Debug|Any CPU
		{8D0E53C8-2148-FD58-D4DB-5F2787714243}.Debug|Any CPU.Build.0 = Debug|Any CPU
		{8D0E53C8-2148-FD58-D4DB-5F2787714243}.Release|Any CPU.ActiveCfg = Release|Any CPU
		{8D0E53C8-2148-FD58-D4DB-5F2787714243}.Release|Any CPU.Build.0 = Release|Any CPU
		{81DDED9D-158B-E303-5F62-77A2896D2A5A}.Debug|Any CPU.ActiveCfg = Debug|Any CPU
		{81DDED9D-158B-E303-5F62-77A2896D2A5A}.Debug|Any CPU.Build.0 = Debug|Any CPU
		{81DDED9D-158B-E303-5F62-77A2896D2A5A}.Release|Any CPU.ActiveCfg = Release|Any CPU
		{81DDED9D-158B-E303-5F62-77A2896D2A5A}.Release|Any CPU.Build.0 = Release|Any CPU
	EndGlobalSection
	GlobalSection(SolutionProperties) = preSolution
		HideSolutionNode = FALSE
	EndGlobalSection
	GlobalSection(NestedProjects) = preSolution
		{7891AC64-53D0-2FBA-4AE4-EF912B17AA53} = {02EA681E-C7D8-13C7-8484-4AC65E1B71E8}
		{6B223A36-D987-31D0-41B8-976807CE72A7} = {02EA681E-C7D8-13C7-8484-4AC65E1B71E8}
		{DC9E71C3-144F-517E-F589-F5E008095D10} = {02EA681E-C7D8-13C7-8484-4AC65E1B71E8}
		{D7397DFB-A2EE-6CE5-3023-3DAB7C59BB0D} = {02EA681E-C7D8-13C7-8484-4AC65E1B71E8}
		{A6B16276-B840-3237-8594-FFFC2AA3095D} = {02EA681E-C7D8-13C7-8484-4AC65E1B71E8}
		{7E3E142E-F891-A9F0-9F5C-D03AE390564E} = {02EA681E-C7D8-13C7-8484-4AC65E1B71E8}
		{2B17648B-D8FB-2054-1AE4-D78262FEC245} = {E1D021FA-2E52-4CB4-9C52-6AA3038AC264}
		{49BB699F-098F-52A6-0C4C-A025097D2579} = {E1D021FA-2E52-4CB4-9C52-6AA3038AC264}
		{85773022-7B1F-6578-12D3-2EDCA7CFA028} = {E1D021FA-2E52-4CB4-9C52-6AA3038AC264}
		{21666D6E-0E21-4AA8-80CD-A2F529B88622} = {E1D021FA-2E52-4CB4-9C52-6AA3038AC264}
		{2047CADD-6A48-D07A-1E72-B4F2C433AF00} = {E1D021FA-2E52-4CB4-9C52-6AA3038AC264}
		{39E11618-453F-5D51-F7D0-3AC95604014E} = {E1D021FA-2E52-4CB4-9C52-6AA3038AC264}
		{529E9E00-9254-3378-C640-72598B4B58BB} = {78005EC2-3B02-4E30-87D6-70EF918AA2EC}
		{A64F2A1D-6934-9A21-4A09-9DE2283DADCA} = {78005EC2-3B02-4E30-87D6-70EF918AA2EC}
		{B189403D-3B84-4A71-C408-B42059972220} = {78005EC2-3B02-4E30-87D6-70EF918AA2EC}
		{7D1ACBC0-CF1E-C968-1764-232A87752EAC} = {78005EC2-3B02-4E30-87D6-70EF918AA2EC}
		{526E011F-0C88-208A-2613-0D787D02C34F} = {78005EC2-3B02-4E30-87D6-70EF918AA2EC}
		{8D0E53C8-2148-FD58-D4DB-5F2787714243} = {78005EC2-3B02-4E30-87D6-70EF918AA2EC}
	EndGlobalSection
	GlobalSection(ExtensibilityGlobals) = postSolution
		SolutionGuid = {5B53A84E-A691-48A2-9743-D5AEDCEFED7C}
	EndGlobalSection
EndGlobal
